// !$*UTF8*$!
{
	archiveVersion = 1;
	classes = {
	};
	objectVersion = 50;
	objects = {

/* Begin PBXBuildFile section */
		85A661862514E5E8009ADE43 /* Main.storyboard in Resources */ = {isa = PBXBuildFile; fileRef = 85A661782514E5E7009ADE43 /* Main.storyboard */; };
		85A661872514E5E8009ADE43 /* DrawingSegmentationView.swift in Sources */ = {isa = PBXBuildFile; fileRef = 85A661792514E5E7009ADE43 /* DrawingSegmentationView.swift */; };
		85A661882514E5E8009ADE43 /* Measure.swift in Sources */ = {isa = PBXBuildFile; fileRef = 85A6617A2514E5E7009ADE43 /* Measure.swift */; };
		85A661892514E5E8009ADE43 /* LaunchScreen.storyboard in Resources */ = {isa = PBXBuildFile; fileRef = 85A6617B2514E5E7009ADE43 /* LaunchScreen.storyboard */; };
		85A6618A2514E5E8009ADE43 /* DeepLabV3Int8LUT.mlmodel in Sources */ = {isa = PBXBuildFile; fileRef = 85A6617D2514E5E8009ADE43 /* DeepLabV3Int8LUT.mlmodel */; };
		85A6618B2514E5E8009ADE43 /* DeepLabV3FP16.mlmodel in Sources */ = {isa = PBXBuildFile; fileRef = 85A6617E2514E5E8009ADE43 /* DeepLabV3FP16.mlmodel */; };
		85A6618C2514E5E8009ADE43 /* DeepLabV3.mlmodel in Sources */ = {isa = PBXBuildFile; fileRef = 85A6617F2514E5E8009ADE43 /* DeepLabV3.mlmodel */; };
		85A6618D2514E5E8009ADE43 /* SegmentationResultMLMultiArray.swift in Sources */ = {isa = PBXBuildFile; fileRef = 85A661802514E5E8009ADE43 /* SegmentationResultMLMultiArray.swift */; };
		85A6618E2514E5E8009ADE43 /* LiveImageViewController.swift in Sources */ = {isa = PBXBuildFile; fileRef = 85A661812514E5E8009ADE43 /* LiveImageViewController.swift */; };
		85A6618F2514E5E8009ADE43 /* AppDelegate.swift in Sources */ = {isa = PBXBuildFile; fileRef = 85A661822514E5E8009ADE43 /* AppDelegate.swift */; };
		85A661902514E5E8009ADE43 /* VideoCapture.swift in Sources */ = {isa = PBXBuildFile; fileRef = 85A661832514E5E8009ADE43 /* VideoCapture.swift */; };
		85A661912514E5E8009ADE43 /* Assets.xcassets in Resources */ = {isa = PBXBuildFile; fileRef = 85A661842514E5E8009ADE43 /* Assets.xcassets */; };
		85A661922514E5E8009ADE43 /* StillImageViewController.swift in Sources */ = {isa = PBXBuildFile; fileRef = 85A661852514E5E8009ADE43 /* StillImageViewController.swift */; };
/* End PBXBuildFile section */

/* Begin PBXFileReference section */
		85A661602514E5CD009ADE43 /* BodyM.app */ = {isa = PBXFileReference; explicitFileType = wrapper.application; includeInIndex = 0; path = BodyM.app; sourceTree = BUILT_PRODUCTS_DIR; };
		85A661712514E5CD009ADE43 /* Info.plist */ = {isa = PBXFileReference; lastKnownFileType = text.plist.xml; path = Info.plist; sourceTree = "<group>"; };
		85A661782514E5E7009ADE43 /* Main.storyboard */ = {isa = PBXFileReference; fileEncoding = 4; lastKnownFileType = file.storyboard; path = Main.storyboard; sourceTree = "<group>"; };
		85A661792514E5E7009ADE43 /* DrawingSegmentationView.swift */ = {isa = PBXFileReference; fileEncoding = 4; lastKnownFileType = sourcecode.swift; path = DrawingSegmentationView.swift; sourceTree = "<group>"; };
		85A6617A2514E5E7009ADE43 /* Measure.swift */ = {isa = PBXFileReference; fileEncoding = 4; lastKnownFileType = sourcecode.swift; path = Measure.swift; sourceTree = "<group>"; };
		85A6617B2514E5E7009ADE43 /* LaunchScreen.storyboard */ = {isa = PBXFileReference; fileEncoding = 4; lastKnownFileType = file.storyboard; path = LaunchScreen.storyboard; sourceTree = "<group>"; };
		85A6617D2514E5E8009ADE43 /* DeepLabV3Int8LUT.mlmodel */ = {isa = PBXFileReference; lastKnownFileType = file.mlmodel; path = DeepLabV3Int8LUT.mlmodel; sourceTree = "<group>"; };
		85A6617E2514E5E8009ADE43 /* DeepLabV3FP16.mlmodel */ = {isa = PBXFileReference; lastKnownFileType = file.mlmodel; path = DeepLabV3FP16.mlmodel; sourceTree = "<group>"; };
		85A6617F2514E5E8009ADE43 /* DeepLabV3.mlmodel */ = {isa = PBXFileReference; lastKnownFileType = file.mlmodel; path = DeepLabV3.mlmodel; sourceTree = "<group>"; };
		85A661802514E5E8009ADE43 /* SegmentationResultMLMultiArray.swift */ = {isa = PBXFileReference; fileEncoding = 4; lastKnownFileType = sourcecode.swift; path = SegmentationResultMLMultiArray.swift; sourceTree = "<group>"; };
		85A661812514E5E8009ADE43 /* LiveImageViewController.swift */ = {isa = PBXFileReference; fileEncoding = 4; lastKnownFileType = sourcecode.swift; path = LiveImageViewController.swift; sourceTree = "<group>"; };
		85A661822514E5E8009ADE43 /* AppDelegate.swift */ = {isa = PBXFileReference; fileEncoding = 4; lastKnownFileType = sourcecode.swift; path = AppDelegate.swift; sourceTree = "<group>"; };
		85A661832514E5E8009ADE43 /* VideoCapture.swift */ = {isa = PBXFileReference; fileEncoding = 4; lastKnownFileType = sourcecode.swift; path = VideoCapture.swift; sourceTree = "<group>"; };
		85A661842514E5E8009ADE43 /* Assets.xcassets */ = {isa = PBXFileReference; lastKnownFileType = folder.assetcatalog; path = Assets.xcassets; sourceTree = "<group>"; };
		85A661852514E5E8009ADE43 /* StillImageViewController.swift */ = {isa = PBXFileReference; fileEncoding = 4; lastKnownFileType = sourcecode.swift; path = StillImageViewController.swift; sourceTree = "<group>"; };
		85A661932514E6D9009ADE43 /* BodyM-Bridging-Header.h */ = {isa = PBXFileReference; lastKnownFileType = sourcecode.c.h; path = "BodyM-Bridging-Header.h"; sourceTree = "<group>"; };
/* End PBXFileReference section */

/* Begin PBXFrameworksBuildPhase section */
		85A6615D2514E5CD009ADE43 /* Frameworks */ = {
			isa = PBXFrameworksBuildPhase;
			buildActionMask = 2147483647;
			files = (
			);
			runOnlyForDeploymentPostprocessing = 0;
		};
/* End PBXFrameworksBuildPhase section */

/* Begin PBXGroup section */
		85A661572514E5CC009ADE43 = {
			isa = PBXGroup;
			children = (
				85A661622514E5CD009ADE43 /* BodyM */,
				85A661612514E5CD009ADE43 /* Products */,
			);
			sourceTree = "<group>";
		};
		85A661612514E5CD009ADE43 /* Products */ = {
			isa = PBXGroup;
			children = (
				85A661602514E5CD009ADE43 /* BodyM.app */,
			);
			name = Products;
			sourceTree = "<group>";
		};
		85A661622514E5CD009ADE43 /* BodyM */ = {
			isa = PBXGroup;
			children = (
				85A661822514E5E8009ADE43 /* AppDelegate.swift */,
				85A661842514E5E8009ADE43 /* Assets.xcassets */,
				85A661792514E5E7009ADE43 /* DrawingSegmentationView.swift */,
				85A6617B2514E5E7009ADE43 /* LaunchScreen.storyboard */,
				85A661812514E5E8009ADE43 /* LiveImageViewController.swift */,
				85A661782514E5E7009ADE43 /* Main.storyboard */,
				85A6617A2514E5E7009ADE43 /* Measure.swift */,
				85A6617C2514E5E8009ADE43 /* mlmodel */,
				85A661802514E5E8009ADE43 /* SegmentationResultMLMultiArray.swift */,
				85A661852514E5E8009ADE43 /* StillImageViewController.swift */,
				85A661832514E5E8009ADE43 /* VideoCapture.swift */,
				85A661712514E5CD009ADE43 /* Info.plist */,
				85A661932514E6D9009ADE43 /* BodyM-Bridging-Header.h */,
			);
			path = BodyM;
			sourceTree = "<group>";
		};
		85A6617C2514E5E8009ADE43 /* mlmodel */ = {
			isa = PBXGroup;
			children = (
				85A6617D2514E5E8009ADE43 /* DeepLabV3Int8LUT.mlmodel */,
				85A6617E2514E5E8009ADE43 /* DeepLabV3FP16.mlmodel */,
				85A6617F2514E5E8009ADE43 /* DeepLabV3.mlmodel */,
			);
			path = mlmodel;
			sourceTree = "<group>";
		};
/* End PBXGroup section */

/* Begin PBXNativeTarget section */
		85A6615F2514E5CD009ADE43 /* BodyM */ = {
			isa = PBXNativeTarget;
			buildConfigurationList = 85A661742514E5CD009ADE43 /* Build configuration list for PBXNativeTarget "BodyM" */;
			buildPhases = (
				85A6615C2514E5CD009ADE43 /* Sources */,
				85A6615D2514E5CD009ADE43 /* Frameworks */,
				85A6615E2514E5CD009ADE43 /* Resources */,
			);
			buildRules = (
			);
			dependencies = (
			);
			name = BodyM;
			productName = BodyM;
			productReference = 85A661602514E5CD009ADE43 /* BodyM.app */;
			productType = "com.apple.product-type.application";
		};
/* End PBXNativeTarget section */

/* Begin PBXProject section */
		85A661582514E5CC009ADE43 /* Project object */ = {
			isa = PBXProject;
			attributes = {
				LastSwiftUpdateCheck = 1170;
				LastUpgradeCheck = 1170;
				ORGANIZATIONNAME = "Stanislav Povolotskiy";
				TargetAttributes = {
					85A6615F2514E5CD009ADE43 = {
						CreatedOnToolsVersion = 11.7;
						LastSwiftMigration = 1170;
					};
				};
			};
			buildConfigurationList = 85A6615B2514E5CC009ADE43 /* Build configuration list for PBXProject "BodyM" */;
			compatibilityVersion = "Xcode 9.3";
			developmentRegion = en;
			hasScannedForEncodings = 0;
			knownRegions = (
				en,
				Base,
			);
			mainGroup = 85A661572514E5CC009ADE43;
			productRefGroup = 85A661612514E5CD009ADE43 /* Products */;
			projectDirPath = "";
			projectRoot = "";
			targets = (
				85A6615F2514E5CD009ADE43 /* BodyM */,
			);
		};
/* End PBXProject section */

/* Begin PBXResourcesBuildPhase section */
		85A6615E2514E5CD009ADE43 /* Resources */ = {
			isa = PBXResourcesBuildPhase;
			buildActionMask = 2147483647;
			files = (
				85A661862514E5E8009ADE43 /* Main.storyboard in Resources */,
				85A661912514E5E8009ADE43 /* Assets.xcassets in Resources */,
				85A661892514E5E8009ADE43 /* LaunchScreen.storyboard in Resources */,
			);
			runOnlyForDeploymentPostprocessing = 0;
		};
/* End PBXResourcesBuildPhase section */

/* Begin PBXSourcesBuildPhase section */
		85A6615C2514E5CD009ADE43 /* Sources */ = {
			isa = PBXSourcesBuildPhase;
			buildActionMask = 2147483647;
			files = (
				85A6618F2514E5E8009ADE43 /* AppDelegate.swift in Sources */,
				85A6618B2514E5E8009ADE43 /* DeepLabV3FP16.mlmodel in Sources */,
				85A661882514E5E8009ADE43 /* Measure.swift in Sources */,
				85A6618E2514E5E8009ADE43 /* LiveImageViewController.swift in Sources */,
				85A661902514E5E8009ADE43 /* VideoCapture.swift in Sources */,
				85A661872514E5E8009ADE43 /* DrawingSegmentationView.swift in Sources */,
				85A6618C2514E5E8009ADE43 /* DeepLabV3.mlmodel in Sources */,
				85A661922514E5E8009ADE43 /* StillImageViewController.swift in Sources */,
				85A6618A2514E5E8009ADE43 /* DeepLabV3Int8LUT.mlmodel in Sources */,
				85A6618D2514E5E8009ADE43 /* SegmentationResultMLMultiArray.swift in Sources */,
			);
			runOnlyForDeploymentPostprocessing = 0;
		};
/* End PBXSourcesBuildPhase section */

/* Begin XCBuildConfiguration section */
		85A661722514E5CD009ADE43 /* Debug */ = {
			isa = XCBuildConfiguration;
			buildSettings = {
				ALWAYS_SEARCH_USER_PATHS = NO;
				CLANG_ANALYZER_NONNULL = YES;
				CLANG_ANALYZER_NUMBER_OBJECT_CONVERSION = YES_AGGRESSIVE;
				CLANG_CXX_LANGUAGE_STANDARD = "gnu++14";
				CLANG_CXX_LIBRARY = "libc++";
				CLANG_ENABLE_MODULES = YES;
				CLANG_ENABLE_OBJC_ARC = YES;
				CLANG_ENABLE_OBJC_WEAK = YES;
				CLANG_WARN_BLOCK_CAPTURE_AUTORELEASING = YES;
				CLANG_WARN_BOOL_CONVERSION = YES;
				CLANG_WARN_COMMA = YES;
				CLANG_WARN_CONSTANT_CONVERSION = YES;
				CLANG_WARN_DEPRECATED_OBJC_IMPLEMENTATIONS = YES;
				CLANG_WARN_DIRECT_OBJC_ISA_USAGE = YES_ERROR;
				CLANG_WARN_DOCUMENTATION_COMMENTS = YES;
				CLANG_WARN_EMPTY_BODY = YES;
				CLANG_WARN_ENUM_CONVERSION = YES;
				CLANG_WARN_INFINITE_RECURSION = YES;
				CLANG_WARN_INT_CONVERSION = YES;
				CLANG_WARN_NON_LITERAL_NULL_CONVERSION = YES;
				CLANG_WARN_OBJC_IMPLICIT_RETAIN_SELF = YES;
				CLANG_WARN_OBJC_LITERAL_CONVERSION = YES;
				CLANG_WARN_OBJC_ROOT_CLASS = YES_ERROR;
				CLANG_WARN_RANGE_LOOP_ANALYSIS = YES;
				CLANG_WARN_STRICT_PROTOTYPES = YES;
				CLANG_WARN_SUSPICIOUS_MOVE = YES;
				CLANG_WARN_UNGUARDED_AVAILABILITY = YES_AGGRESSIVE;
				CLANG_WARN_UNREACHABLE_CODE = YES;
				CLANG_WARN__DUPLICATE_METHOD_MATCH = YES;
				COPY_PHASE_STRIP = NO;
				DEBUG_INFORMATION_FORMAT = dwarf;
				ENABLE_STRICT_OBJC_MSGSEND = YES;
				ENABLE_TESTABILITY = YES;
				GCC_C_LANGUAGE_STANDARD = gnu11;
				GCC_DYNAMIC_NO_PIC = NO;
				GCC_NO_COMMON_BLOCKS = YES;
				GCC_OPTIMIZATION_LEVEL = 0;
				GCC_PREPROCESSOR_DEFINITIONS = (
					"DEBUG=1",
					"$(inherited)",
				);
				GCC_WARN_64_TO_32_BIT_CONVERSION = YES;
				GCC_WARN_ABOUT_RETURN_TYPE = YES_ERROR;
				GCC_WARN_UNDECLARED_SELECTOR = YES;
				GCC_WARN_UNINITIALIZED_AUTOS = YES_AGGRESSIVE;
				GCC_WARN_UNUSED_FUNCTION = YES;
				GCC_WARN_UNUSED_VARIABLE = YES;
				IPHONEOS_DEPLOYMENT_TARGET = 13.7;
				MTL_ENABLE_DEBUG_INFO = INCLUDE_SOURCE;
				MTL_FAST_MATH = YES;
				ONLY_ACTIVE_ARCH = YES;
				SDKROOT = iphoneos;
				SWIFT_ACTIVE_COMPILATION_CONDITIONS = DEBUG;
				SWIFT_OPTIMIZATION_LEVEL = "-Onone";
			};
			name = Debug;
		};
		85A661732514E5CD009ADE43 /* Release */ = {
			isa = XCBuildConfiguration;
			buildSettings = {
				ALWAYS_SEARCH_USER_PATHS = NO;
				CLANG_ANALYZER_NONNULL = YES;
				CLANG_ANALYZER_NUMBER_OBJECT_CONVERSION = YES_AGGRESSIVE;
				CLANG_CXX_LANGUAGE_STANDARD = "gnu++14";
				CLANG_CXX_LIBRARY = "libc++";
				CLANG_ENABLE_MODULES = YES;
				CLANG_ENABLE_OBJC_ARC = YES;
				CLANG_ENABLE_OBJC_WEAK = YES;
				CLANG_WARN_BLOCK_CAPTURE_AUTORELEASING = YES;
				CLANG_WARN_BOOL_CONVERSION = YES;
				CLANG_WARN_COMMA = YES;
				CLANG_WARN_CONSTANT_CONVERSION = YES;
				CLANG_WARN_DEPRECATED_OBJC_IMPLEMENTATIONS = YES;
				CLANG_WARN_DIRECT_OBJC_ISA_USAGE = YES_ERROR;
				CLANG_WARN_DOCUMENTATION_COMMENTS = YES;
				CLANG_WARN_EMPTY_BODY = YES;
				CLANG_WARN_ENUM_CONVERSION = YES;
				CLANG_WARN_INFINITE_RECURSION = YES;
				CLANG_WARN_INT_CONVERSION = YES;
				CLANG_WARN_NON_LITERAL_NULL_CONVERSION = YES;
				CLANG_WARN_OBJC_IMPLICIT_RETAIN_SELF = YES;
				CLANG_WARN_OBJC_LITERAL_CONVERSION = YES;
				CLANG_WARN_OBJC_ROOT_CLASS = YES_ERROR;
				CLANG_WARN_RANGE_LOOP_ANALYSIS = YES;
				CLANG_WARN_STRICT_PROTOTYPES = YES;
				CLANG_WARN_SUSPICIOUS_MOVE = YES;
				CLANG_WARN_UNGUARDED_AVAILABILITY = YES_AGGRESSIVE;
				CLANG_WARN_UNREACHABLE_CODE = YES;
				CLANG_WARN__DUPLICATE_METHOD_MATCH = YES;
				COPY_PHASE_STRIP = NO;
				DEBUG_INFORMATION_FORMAT = "dwarf-with-dsym";
				ENABLE_NS_ASSERTIONS = NO;
				ENABLE_STRICT_OBJC_MSGSEND = YES;
				GCC_C_LANGUAGE_STANDARD = gnu11;
				GCC_NO_COMMON_BLOCKS = YES;
				GCC_WARN_64_TO_32_BIT_CONVERSION = YES;
				GCC_WARN_ABOUT_RETURN_TYPE = YES_ERROR;
				GCC_WARN_UNDECLARED_SELECTOR = YES;
				GCC_WARN_UNINITIALIZED_AUTOS = YES_AGGRESSIVE;
				GCC_WARN_UNUSED_FUNCTION = YES;
				GCC_WARN_UNUSED_VARIABLE = YES;
				IPHONEOS_DEPLOYMENT_TARGET = 13.7;
				MTL_ENABLE_DEBUG_INFO = NO;
				MTL_FAST_MATH = YES;
				SDKROOT = iphoneos;
				SWIFT_COMPILATION_MODE = wholemodule;
				SWIFT_OPTIMIZATION_LEVEL = "-O";
				VALIDATE_PRODUCT = YES;
			};
			name = Release;
		};
		85A661752514E5CD009ADE43 /* Debug */ = {
			isa = XCBuildConfiguration;
			buildSettings = {
				ASSETCATALOG_COMPILER_APPICON_NAME = AppIcon;
				CLANG_ENABLE_MODULES = YES;
				CODE_SIGN_STYLE = Automatic;
				DEVELOPMENT_TEAM = 523XWQ22UQ;
				INFOPLIST_FILE = BodyM/Info.plist;
				LD_RUNPATH_SEARCH_PATHS = (
					"$(inherited)",
					"@executable_path/Frameworks",
				);
				PRODUCT_BUNDLE_IDENTIFIER = st.com.BodyM;
				PRODUCT_NAME = "$(TARGET_NAME)";
				SWIFT_OBJC_BRIDGING_HEADER = "BodyM/BodyM-Bridging-Header.h";
				SWIFT_OPTIMIZATION_LEVEL = "-Onone";
				SWIFT_VERSION = 5.0;
				TARGETED_DEVICE_FAMILY = "1,2";
			};
			name = Debug;
		};
		85A661762514E5CD009ADE43 /* Release */ = {
			isa = XCBuildConfiguration;
			buildSettings = {
				ASSETCATALOG_COMPILER_APPICON_NAME = AppIcon;
				CLANG_ENABLE_MODULES = YES;
				CODE_SIGN_STYLE = Automatic;
				DEVELOPMENT_TEAM = 523XWQ22UQ;
				INFOPLIST_FILE = BodyM/Info.plist;
				LD_RUNPATH_SEARCH_PATHS = (
					"$(inherited)",
					"@executable_path/Frameworks",
				);
				PRODUCT_BUNDLE_IDENTIFIER = st.com.BodyM;
				PRODUCT_NAME = "$(TARGET_NAME)";
				SWIFT_OBJC_BRIDGING_HEADER = "BodyM/BodyM-Bridging-Header.h";
				SWIFT_VERSION = 5.0;
				TARGETED_DEVICE_FAMILY = "1,2";
			};
			name = Release;
		};
/* End XCBuildConfiguration section */

/* Begin XCConfigurationList section */
		85A6615B2514E5CC009ADE43 /* Build configuration list for PBXProject "BodyM" */ = {
			isa = XCConfigurationList;
			buildConfigurations = (
				85A661722514E5CD009ADE43 /* Debug */,
				85A661732514E5CD009ADE43 /* Release */,
			);
			defaultConfigurationIsVisible = 0;
			defaultConfigurationName = Release;
		};
		85A661742514E5CD009ADE43 /* Build configuration list for PBXNativeTarget "BodyM" */ = {
			isa = XCConfigurationList;
			buildConfigurations = (
				85A661752514E5CD009ADE43 /* Debug */,
				85A661762514E5CD009ADE43 /* Release */,
			);
			defaultConfigurationIsVisible = 0;
			defaultConfigurationName = Release;
		};
/* End XCConfigurationList section */
	};
	rootObject = 85A661582514E5CC009ADE43 /* Project object */;
}
