// !$*UTF8*$!
{
	archiveVersion = 1;
	classes = {
	};
	objectVersion = 50;
	objects = {

/* Begin PBXBuildFile section */
		854A40242525CC12008AE702 /* model_hourglass.mlmodel in Sources */ = {isa = PBXBuildFile; fileRef = 854A40222525CC12008AE702 /* model_hourglass.mlmodel */; };
		854A40252525CC12008AE702 /* model_cpm.mlmodel in Sources */ = {isa = PBXBuildFile; fileRef = 854A40232525CC12008AE702 /* model_cpm.mlmodel */; };
		854A40402525D545008AE702 /* DrawingJointView.swift in Sources */ = {isa = PBXBuildFile; fileRef = 854A403F2525D545008AE702 /* DrawingJointView.swift */; };
		854A40442525D575008AE702 /* PredictedPoint.swift in Sources */ = {isa = PBXBuildFile; fileRef = 854A40432525D575008AE702 /* PredictedPoint.swift */; };
		854A40472525D59D008AE702 /* HeatmapPostProcessor.swift in Sources */ = {isa = PBXBuildFile; fileRef = 854A40462525D59D008AE702 /* HeatmapPostProcessor.swift */; };
		854A404A2525D5C9008AE702 /* MovingAverageFilter.swift in Sources */ = {isa = PBXBuildFile; fileRef = 854A40492525D5C9008AE702 /* MovingAverageFilter.swift */; };
		857A792D253C8FB300CD794B /* UIView+UIImage.swift in Sources */ = {isa = PBXBuildFile; fileRef = 857A792C253C8FB200CD794B /* UIView+UIImage.swift */; };
		858308FD2535EAE900B225E4 /* SwiftImage.framework in Frameworks */ = {isa = PBXBuildFile; fileRef = 8583087C2535EA1C00B225E4 /* SwiftImage.framework */; };
		858308FE2535EAE900B225E4 /* SwiftImage.framework in Embed Frameworks */ = {isa = PBXBuildFile; fileRef = 8583087C2535EA1C00B225E4 /* SwiftImage.framework */; settings = {ATTRIBUTES = (CodeSignOnCopy, RemoveHeadersOnCopy, ); }; };
		858309392536F92B00B225E4 /* MainViewController + Calculations.swift in Sources */ = {isa = PBXBuildFile; fileRef = 858309382536F92B00B225E4 /* MainViewController + Calculations.swift */; };
		858309502537129400B225E4 /* MainViewController + Processing.swift in Sources */ = {isa = PBXBuildFile; fileRef = 8583094F2537129400B225E4 /* MainViewController + Processing.swift */; };
		85A661862514E5E8009ADE43 /* Main.storyboard in Resources */ = {isa = PBXBuildFile; fileRef = 85A661782514E5E7009ADE43 /* Main.storyboard */; };
		85A661872514E5E8009ADE43 /* DrawingSegmentationView.swift in Sources */ = {isa = PBXBuildFile; fileRef = 85A661792514E5E7009ADE43 /* DrawingSegmentationView.swift */; };
		85A661892514E5E8009ADE43 /* LaunchScreen.storyboard in Resources */ = {isa = PBXBuildFile; fileRef = 85A6617B2514E5E7009ADE43 /* LaunchScreen.storyboard */; };
		85A6618A2514E5E8009ADE43 /* DeepLabV3Int8LUT.mlmodel in Sources */ = {isa = PBXBuildFile; fileRef = 85A6617D2514E5E8009ADE43 /* DeepLabV3Int8LUT.mlmodel */; };
		85A6618B2514E5E8009ADE43 /* DeepLabV3FP16.mlmodel in Sources */ = {isa = PBXBuildFile; fileRef = 85A6617E2514E5E8009ADE43 /* DeepLabV3FP16.mlmodel */; };
		85A6618C2514E5E8009ADE43 /* DeepLabV3.mlmodel in Sources */ = {isa = PBXBuildFile; fileRef = 85A6617F2514E5E8009ADE43 /* DeepLabV3.mlmodel */; };
		85A6618D2514E5E8009ADE43 /* SegmentationResultMLMultiArray.swift in Sources */ = {isa = PBXBuildFile; fileRef = 85A661802514E5E8009ADE43 /* SegmentationResultMLMultiArray.swift */; };
		85A6618F2514E5E8009ADE43 /* AppDelegate.swift in Sources */ = {isa = PBXBuildFile; fileRef = 85A661822514E5E8009ADE43 /* AppDelegate.swift */; };
		85A661912514E5E8009ADE43 /* Assets.xcassets in Resources */ = {isa = PBXBuildFile; fileRef = 85A661842514E5E8009ADE43 /* Assets.xcassets */; };
		85A661922514E5E8009ADE43 /* MainViewController.swift in Sources */ = {isa = PBXBuildFile; fileRef = 85A661852514E5E8009ADE43 /* MainViewController.swift */; };
/* End PBXBuildFile section */

/* Begin PBXContainerItemProxy section */
		8583087B2535EA1C00B225E4 /* PBXContainerItemProxy */ = {
			isa = PBXContainerItemProxy;
			containerPortal = 858308712535EA1B00B225E4 /* SwiftImage.xcodeproj */;
			proxyType = 2;
			remoteGlobalIDString = D6134A0E1F85226C005592A2;
			remoteInfo = "SwiftImage-iOS";
		};
		8583087D2535EA1C00B225E4 /* PBXContainerItemProxy */ = {
			isa = PBXContainerItemProxy;
			containerPortal = 858308712535EA1B00B225E4 /* SwiftImage.xcodeproj */;
			proxyType = 2;
			remoteGlobalIDString = D6134A171F85226D005592A2;
			remoteInfo = "SwiftImageTests-iOS";
		};
		8583087F2535EA1C00B225E4 /* PBXContainerItemProxy */ = {
			isa = PBXContainerItemProxy;
			containerPortal = 858308712535EA1B00B225E4 /* SwiftImage.xcodeproj */;
			proxyType = 2;
			remoteGlobalIDString = D6134A601F852C80005592A2;
			remoteInfo = "SwiftImage-macOS";
		};
		858308812535EA1C00B225E4 /* PBXContainerItemProxy */ = {
			isa = PBXContainerItemProxy;
			containerPortal = 858308712535EA1B00B225E4 /* SwiftImage.xcodeproj */;
			proxyType = 2;
			remoteGlobalIDString = D6134A681F852C80005592A2;
			remoteInfo = "SwiftImageTests-macOS";
		};
		858308832535EA1C00B225E4 /* PBXContainerItemProxy */ = {
			isa = PBXContainerItemProxy;
			containerPortal = 858308712535EA1B00B225E4 /* SwiftImage.xcodeproj */;
			proxyType = 2;
			remoteGlobalIDString = D6134AA21F85D1F9005592A2;
			remoteInfo = "SwiftImage-tvOS";
		};
		858308852535EA1C00B225E4 /* PBXContainerItemProxy */ = {
			isa = PBXContainerItemProxy;
			containerPortal = 858308712535EA1B00B225E4 /* SwiftImage.xcodeproj */;
			proxyType = 2;
			remoteGlobalIDString = D6134AAA1F85D1FA005592A2;
			remoteInfo = "SwiftImageTests-tvOS";
		};
		858308872535EA1C00B225E4 /* PBXContainerItemProxy */ = {
			isa = PBXContainerItemProxy;
			containerPortal = 858308712535EA1B00B225E4 /* SwiftImage.xcodeproj */;
			proxyType = 2;
			remoteGlobalIDString = D6134AD21F85D800005592A2;
			remoteInfo = "SwiftImage-watchOS";
		};
		858308E52535EA4600B225E4 /* PBXContainerItemProxy */ = {
			isa = PBXContainerItemProxy;
			containerPortal = 858308DB2535EA4600B225E4 /* SwiftImage.xcodeproj */;
			proxyType = 2;
			remoteGlobalIDString = D6134A0E1F85226C005592A2;
			remoteInfo = "SwiftImage-iOS";
		};
		858308E72535EA4600B225E4 /* PBXContainerItemProxy */ = {
			isa = PBXContainerItemProxy;
			containerPortal = 858308DB2535EA4600B225E4 /* SwiftImage.xcodeproj */;
			proxyType = 2;
			remoteGlobalIDString = D6134A171F85226D005592A2;
			remoteInfo = "SwiftImageTests-iOS";
		};
		858308E92535EA4600B225E4 /* PBXContainerItemProxy */ = {
			isa = PBXContainerItemProxy;
			containerPortal = 858308DB2535EA4600B225E4 /* SwiftImage.xcodeproj */;
			proxyType = 2;
			remoteGlobalIDString = D6134A601F852C80005592A2;
			remoteInfo = "SwiftImage-macOS";
		};
		858308EB2535EA4600B225E4 /* PBXContainerItemProxy */ = {
			isa = PBXContainerItemProxy;
			containerPortal = 858308DB2535EA4600B225E4 /* SwiftImage.xcodeproj */;
			proxyType = 2;
			remoteGlobalIDString = D6134A681F852C80005592A2;
			remoteInfo = "SwiftImageTests-macOS";
		};
		858308ED2535EA4600B225E4 /* PBXContainerItemProxy */ = {
			isa = PBXContainerItemProxy;
			containerPortal = 858308DB2535EA4600B225E4 /* SwiftImage.xcodeproj */;
			proxyType = 2;
			remoteGlobalIDString = D6134AA21F85D1F9005592A2;
			remoteInfo = "SwiftImage-tvOS";
		};
		858308EF2535EA4600B225E4 /* PBXContainerItemProxy */ = {
			isa = PBXContainerItemProxy;
			containerPortal = 858308DB2535EA4600B225E4 /* SwiftImage.xcodeproj */;
			proxyType = 2;
			remoteGlobalIDString = D6134AAA1F85D1FA005592A2;
			remoteInfo = "SwiftImageTests-tvOS";
		};
		858308F12535EA4600B225E4 /* PBXContainerItemProxy */ = {
			isa = PBXContainerItemProxy;
			containerPortal = 858308DB2535EA4600B225E4 /* SwiftImage.xcodeproj */;
			proxyType = 2;
			remoteGlobalIDString = D6134AD21F85D800005592A2;
			remoteInfo = "SwiftImage-watchOS";
		};
/* End PBXContainerItemProxy section */

/* Begin PBXCopyFilesBuildPhase section */
		858308FF2535EAEA00B225E4 /* Embed Frameworks */ = {
			isa = PBXCopyFilesBuildPhase;
			buildActionMask = 2147483647;
			dstPath = "";
			dstSubfolderSpec = 10;
			files = (
				858308FE2535EAE900B225E4 /* SwiftImage.framework in Embed Frameworks */,
			);
			name = "Embed Frameworks";
			runOnlyForDeploymentPostprocessing = 0;
		};
/* End PBXCopyFilesBuildPhase section */

/* Begin PBXFileReference section */
		854A40222525CC12008AE702 /* model_hourglass.mlmodel */ = {isa = PBXFileReference; lastKnownFileType = file.mlmodel; path = model_hourglass.mlmodel; sourceTree = "<group>"; };
		854A40232525CC12008AE702 /* model_cpm.mlmodel */ = {isa = PBXFileReference; lastKnownFileType = file.mlmodel; path = model_cpm.mlmodel; sourceTree = "<group>"; };
		854A403F2525D545008AE702 /* DrawingJointView.swift */ = {isa = PBXFileReference; lastKnownFileType = sourcecode.swift; path = DrawingJointView.swift; sourceTree = "<group>"; };
		854A40432525D575008AE702 /* PredictedPoint.swift */ = {isa = PBXFileReference; lastKnownFileType = sourcecode.swift; path = PredictedPoint.swift; sourceTree = "<group>"; };
		854A40462525D59D008AE702 /* HeatmapPostProcessor.swift */ = {isa = PBXFileReference; lastKnownFileType = sourcecode.swift; path = HeatmapPostProcessor.swift; sourceTree = "<group>"; };
		854A40492525D5C9008AE702 /* MovingAverageFilter.swift */ = {isa = PBXFileReference; lastKnownFileType = sourcecode.swift; path = MovingAverageFilter.swift; sourceTree = "<group>"; };
		857A792C253C8FB200CD794B /* UIView+UIImage.swift */ = {isa = PBXFileReference; lastKnownFileType = sourcecode.swift; path = "UIView+UIImage.swift"; sourceTree = "<group>"; };
		858308712535EA1B00B225E4 /* SwiftImage.xcodeproj */ = {isa = PBXFileReference; lastKnownFileType = "wrapper.pb-project"; name = SwiftImage.xcodeproj; path = "../../../../../Downloads/swift-image-master/SwiftImage.xcodeproj"; sourceTree = "<group>"; };
		858308DB2535EA4600B225E4 /* SwiftImage.xcodeproj */ = {isa = PBXFileReference; lastKnownFileType = "wrapper.pb-project"; name = SwiftImage.xcodeproj; path = "../../../../Downloads/swift-image-master/SwiftImage.xcodeproj"; sourceTree = "<group>"; };
		858309382536F92B00B225E4 /* MainViewController + Calculations.swift */ = {isa = PBXFileReference; lastKnownFileType = sourcecode.swift; path = "MainViewController + Calculations.swift"; sourceTree = "<group>"; };
		8583094F2537129400B225E4 /* MainViewController + Processing.swift */ = {isa = PBXFileReference; lastKnownFileType = sourcecode.swift; path = "MainViewController + Processing.swift"; sourceTree = "<group>"; };
		85A661602514E5CD009ADE43 /* BodyM.app */ = {isa = PBXFileReference; explicitFileType = wrapper.application; includeInIndex = 0; path = BodyM.app; sourceTree = BUILT_PRODUCTS_DIR; };
		85A661712514E5CD009ADE43 /* Info.plist */ = {isa = PBXFileReference; lastKnownFileType = text.plist.xml; path = Info.plist; sourceTree = "<group>"; };
		85A661782514E5E7009ADE43 /* Main.storyboard */ = {isa = PBXFileReference; fileEncoding = 4; lastKnownFileType = file.storyboard; path = Main.storyboard; sourceTree = "<group>"; };
		85A661792514E5E7009ADE43 /* DrawingSegmentationView.swift */ = {isa = PBXFileReference; fileEncoding = 4; lastKnownFileType = sourcecode.swift; path = DrawingSegmentationView.swift; sourceTree = "<group>"; };
		85A6617B2514E5E7009ADE43 /* LaunchScreen.storyboard */ = {isa = PBXFileReference; fileEncoding = 4; lastKnownFileType = file.storyboard; path = LaunchScreen.storyboard; sourceTree = "<group>"; };
		85A6617D2514E5E8009ADE43 /* DeepLabV3Int8LUT.mlmodel */ = {isa = PBXFileReference; lastKnownFileType = file.mlmodel; path = DeepLabV3Int8LUT.mlmodel; sourceTree = "<group>"; };
		85A6617E2514E5E8009ADE43 /* DeepLabV3FP16.mlmodel */ = {isa = PBXFileReference; lastKnownFileType = file.mlmodel; path = DeepLabV3FP16.mlmodel; sourceTree = "<group>"; };
		85A6617F2514E5E8009ADE43 /* DeepLabV3.mlmodel */ = {isa = PBXFileReference; lastKnownFileType = file.mlmodel; path = DeepLabV3.mlmodel; sourceTree = "<group>"; };
		85A661802514E5E8009ADE43 /* SegmentationResultMLMultiArray.swift */ = {isa = PBXFileReference; fileEncoding = 4; lastKnownFileType = sourcecode.swift; path = SegmentationResultMLMultiArray.swift; sourceTree = "<group>"; };
		85A661822514E5E8009ADE43 /* AppDelegate.swift */ = {isa = PBXFileReference; fileEncoding = 4; lastKnownFileType = sourcecode.swift; path = AppDelegate.swift; sourceTree = "<group>"; };
		85A661842514E5E8009ADE43 /* Assets.xcassets */ = {isa = PBXFileReference; lastKnownFileType = folder.assetcatalog; path = Assets.xcassets; sourceTree = "<group>"; };
		85A661852514E5E8009ADE43 /* MainViewController.swift */ = {isa = PBXFileReference; fileEncoding = 4; lastKnownFileType = sourcecode.swift; path = MainViewController.swift; sourceTree = "<group>"; };
		85A661932514E6D9009ADE43 /* BodyM-Bridging-Header.h */ = {isa = PBXFileReference; lastKnownFileType = sourcecode.c.h; path = "BodyM-Bridging-Header.h"; sourceTree = "<group>"; };
/* End PBXFileReference section */

/* Begin PBXFrameworksBuildPhase section */
		85A6615D2514E5CD009ADE43 /* Frameworks */ = {
			isa = PBXFrameworksBuildPhase;
			buildActionMask = 2147483647;
			files = (
				858308FD2535EAE900B225E4 /* SwiftImage.framework in Frameworks */,
			);
			runOnlyForDeploymentPostprocessing = 0;
		};
/* End PBXFrameworksBuildPhase section */

/* Begin PBXGroup section */
		858308692535E50D00B225E4 /* Processing */ = {
			isa = PBXGroup;
			children = (
				85A661792514E5E7009ADE43 /* DrawingSegmentationView.swift */,
				85A661802514E5E8009ADE43 /* SegmentationResultMLMultiArray.swift */,
				854A403F2525D545008AE702 /* DrawingJointView.swift */,
				854A40432525D575008AE702 /* PredictedPoint.swift */,
				854A40462525D59D008AE702 /* HeatmapPostProcessor.swift */,
				854A40492525D5C9008AE702 /* MovingAverageFilter.swift */,
			);
			path = Processing;
			sourceTree = "<group>";
		};
		8583086E2535E8FC00B225E4 /* Resources */ = {
			isa = PBXGroup;
			children = (
				85A6617C2514E5E8009ADE43 /* MLModels */,
				85A661842514E5E8009ADE43 /* Assets.xcassets */,
				858308DB2535EA4600B225E4 /* SwiftImage.xcodeproj */,
			);
			path = Resources;
			sourceTree = "<group>";
		};
		858308722535EA1B00B225E4 /* Products */ = {
			isa = PBXGroup;
			children = (
				8583087C2535EA1C00B225E4 /* SwiftImage.framework */,
				8583087E2535EA1C00B225E4 /* SwiftImageTests-iOS.xctest */,
				858308802535EA1C00B225E4 /* SwiftImage.framework */,
				858308822535EA1C00B225E4 /* SwiftImageTests.xctest */,
				858308842535EA1C00B225E4 /* SwiftImage.framework */,
				858308862535EA1C00B225E4 /* SwiftImageTests.xctest */,
				858308882535EA1C00B225E4 /* SwiftImage.framework */,
			);
			name = Products;
			sourceTree = "<group>";
		};
		858308DC2535EA4600B225E4 /* Products */ = {
			isa = PBXGroup;
			children = (
				858308E62535EA4600B225E4 /* SwiftImage.framework */,
				858308E82535EA4600B225E4 /* SwiftImageTests-iOS.xctest */,
				858308EA2535EA4600B225E4 /* SwiftImage.framework */,
				858308EC2535EA4600B225E4 /* SwiftImageTests.xctest */,
				858308EE2535EA4600B225E4 /* SwiftImage.framework */,
				858308F02535EA4600B225E4 /* SwiftImageTests.xctest */,
				858308F22535EA4600B225E4 /* SwiftImage.framework */,
			);
			name = Products;
			sourceTree = "<group>";
		};
		858308FC2535EAE900B225E4 /* Frameworks */ = {
			isa = PBXGroup;
			children = (
			);
			name = Frameworks;
			sourceTree = "<group>";
		};
		85A661572514E5CC009ADE43 = {
			isa = PBXGroup;
			children = (
				85A661622514E5CD009ADE43 /* BodyM */,
				85A661612514E5CD009ADE43 /* Products */,
				858308FC2535EAE900B225E4 /* Frameworks */,
			);
			sourceTree = "<group>";
		};
		85A661612514E5CD009ADE43 /* Products */ = {
			isa = PBXGroup;
			children = (
				85A661602514E5CD009ADE43 /* BodyM.app */,
			);
			name = Products;
			sourceTree = "<group>";
		};
		85A661622514E5CD009ADE43 /* BodyM */ = {
			isa = PBXGroup;
			children = (
				8583086E2535E8FC00B225E4 /* Resources */,
				858308692535E50D00B225E4 /* Processing */,
				85A661822514E5E8009ADE43 /* AppDelegate.swift */,
				85A6617B2514E5E7009ADE43 /* LaunchScreen.storyboard */,
				85A661852514E5E8009ADE43 /* MainViewController.swift */,
				857A792C253C8FB200CD794B /* UIView+UIImage.swift */,
				8583094F2537129400B225E4 /* MainViewController + Processing.swift */,
				858309382536F92B00B225E4 /* MainViewController + Calculations.swift */,
				85A661782514E5E7009ADE43 /* Main.storyboard */,
				85A661712514E5CD009ADE43 /* Info.plist */,
				85A661932514E6D9009ADE43 /* BodyM-Bridging-Header.h */,
			);
			path = BodyM;
			sourceTree = "<group>";
		};
		85A6617C2514E5E8009ADE43 /* MLModels */ = {
			isa = PBXGroup;
			children = (
				858308712535EA1B00B225E4 /* SwiftImage.xcodeproj */,
				854A40232525CC12008AE702 /* model_cpm.mlmodel */,
				854A40222525CC12008AE702 /* model_hourglass.mlmodel */,
				85A6617D2514E5E8009ADE43 /* DeepLabV3Int8LUT.mlmodel */,
				85A6617E2514E5E8009ADE43 /* DeepLabV3FP16.mlmodel */,
				85A6617F2514E5E8009ADE43 /* DeepLabV3.mlmodel */,
			);
			path = MLModels;
			sourceTree = "<group>";
		};
/* End PBXGroup section */

/* Begin PBXNativeTarget section */
		85A6615F2514E5CD009ADE43 /* BodyM */ = {
			isa = PBXNativeTarget;
			buildConfigurationList = 85A661742514E5CD009ADE43 /* Build configuration list for PBXNativeTarget "BodyM" */;
			buildPhases = (
				85A6615C2514E5CD009ADE43 /* Sources */,
				85A6615D2514E5CD009ADE43 /* Frameworks */,
				85A6615E2514E5CD009ADE43 /* Resources */,
				858308FF2535EAEA00B225E4 /* Embed Frameworks */,
			);
			buildRules = (
			);
			dependencies = (
			);
			name = BodyM;
			productName = BodyM;
			productReference = 85A661602514E5CD009ADE43 /* BodyM.app */;
			productType = "com.apple.product-type.application";
		};
/* End PBXNativeTarget section */

/* Begin PBXProject section */
		85A661582514E5CC009ADE43 /* Project object */ = {
			isa = PBXProject;
			attributes = {
				LastSwiftUpdateCheck = 1170;
				LastUpgradeCheck = 1170;
				ORGANIZATIONNAME = "Stanislav Povolotskiy";
				TargetAttributes = {
					85A6615F2514E5CD009ADE43 = {
						CreatedOnToolsVersion = 11.7;
						LastSwiftMigration = 1170;
					};
				};
			};
			buildConfigurationList = 85A6615B2514E5CC009ADE43 /* Build configuration list for PBXProject "BodyM" */;
			compatibilityVersion = "Xcode 9.3";
			developmentRegion = en;
			hasScannedForEncodings = 0;
			knownRegions = (
				en,
				Base,
			);
			mainGroup = 85A661572514E5CC009ADE43;
			productRefGroup = 85A661612514E5CD009ADE43 /* Products */;
			projectDirPath = "";
			projectReferences = (
				{
					ProductGroup = 858308722535EA1B00B225E4 /* Products */;
					ProjectRef = 858308712535EA1B00B225E4 /* SwiftImage.xcodeproj */;
				},
				{
					ProductGroup = 858308DC2535EA4600B225E4 /* Products */;
					ProjectRef = 858308DB2535EA4600B225E4 /* SwiftImage.xcodeproj */;
				},
			);
			projectRoot = "";
			targets = (
				85A6615F2514E5CD009ADE43 /* BodyM */,
			);
		};
/* End PBXProject section */

/* Begin PBXReferenceProxy section */
		8583087C2535EA1C00B225E4 /* SwiftImage.framework */ = {
			isa = PBXReferenceProxy;
			fileType = wrapper.framework;
			path = SwiftImage.framework;
			remoteRef = 8583087B2535EA1C00B225E4 /* PBXContainerItemProxy */;
			sourceTree = BUILT_PRODUCTS_DIR;
		};
		8583087E2535EA1C00B225E4 /* SwiftImageTests-iOS.xctest */ = {
			isa = PBXReferenceProxy;
			fileType = wrapper.cfbundle;
			path = "SwiftImageTests-iOS.xctest";
			remoteRef = 8583087D2535EA1C00B225E4 /* PBXContainerItemProxy */;
			sourceTree = BUILT_PRODUCTS_DIR;
		};
		858308802535EA1C00B225E4 /* SwiftImage.framework */ = {
			isa = PBXReferenceProxy;
			fileType = wrapper.framework;
			path = SwiftImage.framework;
			remoteRef = 8583087F2535EA1C00B225E4 /* PBXContainerItemProxy */;
			sourceTree = BUILT_PRODUCTS_DIR;
		};
		858308822535EA1C00B225E4 /* SwiftImageTests.xctest */ = {
			isa = PBXReferenceProxy;
			fileType = wrapper.cfbundle;
			path = SwiftImageTests.xctest;
			remoteRef = 858308812535EA1C00B225E4 /* PBXContainerItemProxy */;
			sourceTree = BUILT_PRODUCTS_DIR;
		};
		858308842535EA1C00B225E4 /* SwiftImage.framework */ = {
			isa = PBXReferenceProxy;
			fileType = wrapper.framework;
			path = SwiftImage.framework;
			remoteRef = 858308832535EA1C00B225E4 /* PBXContainerItemProxy */;
			sourceTree = BUILT_PRODUCTS_DIR;
		};
		858308862535EA1C00B225E4 /* SwiftImageTests.xctest */ = {
			isa = PBXReferenceProxy;
			fileType = wrapper.cfbundle;
			path = SwiftImageTests.xctest;
			remoteRef = 858308852535EA1C00B225E4 /* PBXContainerItemProxy */;
			sourceTree = BUILT_PRODUCTS_DIR;
		};
		858308882535EA1C00B225E4 /* SwiftImage.framework */ = {
			isa = PBXReferenceProxy;
			fileType = wrapper.framework;
			path = SwiftImage.framework;
			remoteRef = 858308872535EA1C00B225E4 /* PBXContainerItemProxy */;
			sourceTree = BUILT_PRODUCTS_DIR;
		};
		858308E62535EA4600B225E4 /* SwiftImage.framework */ = {
			isa = PBXReferenceProxy;
			fileType = wrapper.framework;
			path = SwiftImage.framework;
			remoteRef = 858308E52535EA4600B225E4 /* PBXContainerItemProxy */;
			sourceTree = BUILT_PRODUCTS_DIR;
		};
		858308E82535EA4600B225E4 /* SwiftImageTests-iOS.xctest */ = {
			isa = PBXReferenceProxy;
			fileType = wrapper.cfbundle;
			path = "SwiftImageTests-iOS.xctest";
			remoteRef = 858308E72535EA4600B225E4 /* PBXContainerItemProxy */;
			sourceTree = BUILT_PRODUCTS_DIR;
		};
		858308EA2535EA4600B225E4 /* SwiftImage.framework */ = {
			isa = PBXReferenceProxy;
			fileType = wrapper.framework;
			path = SwiftImage.framework;
			remoteRef = 858308E92535EA4600B225E4 /* PBXContainerItemProxy */;
			sourceTree = BUILT_PRODUCTS_DIR;
		};
		858308EC2535EA4600B225E4 /* SwiftImageTests.xctest */ = {
			isa = PBXReferenceProxy;
			fileType = wrapper.cfbundle;
			path = SwiftImageTests.xctest;
			remoteRef = 858308EB2535EA4600B225E4 /* PBXContainerItemProxy */;
			sourceTree = BUILT_PRODUCTS_DIR;
		};
		858308EE2535EA4600B225E4 /* SwiftImage.framework */ = {
			isa = PBXReferenceProxy;
			fileType = wrapper.framework;
			path = SwiftImage.framework;
			remoteRef = 858308ED2535EA4600B225E4 /* PBXContainerItemProxy */;
			sourceTree = BUILT_PRODUCTS_DIR;
		};
		858308F02535EA4600B225E4 /* SwiftImageTests.xctest */ = {
			isa = PBXReferenceProxy;
			fileType = wrapper.cfbundle;
			path = SwiftImageTests.xctest;
			remoteRef = 858308EF2535EA4600B225E4 /* PBXContainerItemProxy */;
			sourceTree = BUILT_PRODUCTS_DIR;
		};
		858308F22535EA4600B225E4 /* SwiftImage.framework */ = {
			isa = PBXReferenceProxy;
			fileType = wrapper.framework;
			path = SwiftImage.framework;
			remoteRef = 858308F12535EA4600B225E4 /* PBXContainerItemProxy */;
			sourceTree = BUILT_PRODUCTS_DIR;
		};
/* End PBXReferenceProxy section */

/* Begin PBXResourcesBuildPhase section */
		85A6615E2514E5CD009ADE43 /* Resources */ = {
			isa = PBXResourcesBuildPhase;
			buildActionMask = 2147483647;
			files = (
				85A661862514E5E8009ADE43 /* Main.storyboard in Resources */,
				85A661912514E5E8009ADE43 /* Assets.xcassets in Resources */,
				85A661892514E5E8009ADE43 /* LaunchScreen.storyboard in Resources */,
			);
			runOnlyForDeploymentPostprocessing = 0;
		};
/* End PBXResourcesBuildPhase section */

/* Begin PBXSourcesBuildPhase section */
		85A6615C2514E5CD009ADE43 /* Sources */ = {
			isa = PBXSourcesBuildPhase;
			buildActionMask = 2147483647;
			files = (
				85A6618F2514E5E8009ADE43 /* AppDelegate.swift in Sources */,
				85A6618B2514E5E8009ADE43 /* DeepLabV3FP16.mlmodel in Sources */,
				854A40242525CC12008AE702 /* model_hourglass.mlmodel in Sources */,
				854A404A2525D5C9008AE702 /* MovingAverageFilter.swift in Sources */,
				857A792D253C8FB300CD794B /* UIView+UIImage.swift in Sources */,
				854A40472525D59D008AE702 /* HeatmapPostProcessor.swift in Sources */,
				858309392536F92B00B225E4 /* MainViewController + Calculations.swift in Sources */,
				85A661872514E5E8009ADE43 /* DrawingSegmentationView.swift in Sources */,
				85A6618C2514E5E8009ADE43 /* DeepLabV3.mlmodel in Sources */,
				85A661922514E5E8009ADE43 /* MainViewController.swift in Sources */,
				858309502537129400B225E4 /* MainViewController + Processing.swift in Sources */,
				854A40252525CC12008AE702 /* model_cpm.mlmodel in Sources */,
				854A40402525D545008AE702 /* DrawingJointView.swift in Sources */,
				854A40442525D575008AE702 /* PredictedPoint.swift in Sources */,
				85A6618A2514E5E8009ADE43 /* DeepLabV3Int8LUT.mlmodel in Sources */,
				85A6618D2514E5E8009ADE43 /* SegmentationResultMLMultiArray.swift in Sources */,
			);
			runOnlyForDeploymentPostprocessing = 0;
		};
/* End PBXSourcesBuildPhase section */

/* Begin XCBuildConfiguration section */
		85A661722514E5CD009ADE43 /* Debug */ = {
			isa = XCBuildConfiguration;
			buildSettings = {
				ALWAYS_SEARCH_USER_PATHS = NO;
				CLANG_ANALYZER_NONNULL = YES;
				CLANG_ANALYZER_NUMBER_OBJECT_CONVERSION = YES_AGGRESSIVE;
				CLANG_CXX_LANGUAGE_STANDARD = "gnu++14";
				CLANG_CXX_LIBRARY = "libc++";
				CLANG_ENABLE_MODULES = YES;
				CLANG_ENABLE_OBJC_ARC = YES;
				CLANG_ENABLE_OBJC_WEAK = YES;
				CLANG_WARN_BLOCK_CAPTURE_AUTORELEASING = YES;
				CLANG_WARN_BOOL_CONVERSION = YES;
				CLANG_WARN_COMMA = YES;
				CLANG_WARN_CONSTANT_CONVERSION = YES;
				CLANG_WARN_DEPRECATED_OBJC_IMPLEMENTATIONS = YES;
				CLANG_WARN_DIRECT_OBJC_ISA_USAGE = YES_ERROR;
				CLANG_WARN_DOCUMENTATION_COMMENTS = YES;
				CLANG_WARN_EMPTY_BODY = YES;
				CLANG_WARN_ENUM_CONVERSION = YES;
				CLANG_WARN_INFINITE_RECURSION = YES;
				CLANG_WARN_INT_CONVERSION = YES;
				CLANG_WARN_NON_LITERAL_NULL_CONVERSION = YES;
				CLANG_WARN_OBJC_IMPLICIT_RETAIN_SELF = YES;
				CLANG_WARN_OBJC_LITERAL_CONVERSION = YES;
				CLANG_WARN_OBJC_ROOT_CLASS = YES_ERROR;
				CLANG_WARN_RANGE_LOOP_ANALYSIS = YES;
				CLANG_WARN_STRICT_PROTOTYPES = YES;
				CLANG_WARN_SUSPICIOUS_MOVE = YES;
				CLANG_WARN_UNGUARDED_AVAILABILITY = YES_AGGRESSIVE;
				CLANG_WARN_UNREACHABLE_CODE = YES;
				CLANG_WARN__DUPLICATE_METHOD_MATCH = YES;
				COPY_PHASE_STRIP = NO;
				DEBUG_INFORMATION_FORMAT = dwarf;
				ENABLE_STRICT_OBJC_MSGSEND = YES;
				ENABLE_TESTABILITY = YES;
				GCC_C_LANGUAGE_STANDARD = gnu11;
				GCC_DYNAMIC_NO_PIC = NO;
				GCC_NO_COMMON_BLOCKS = YES;
				GCC_OPTIMIZATION_LEVEL = 0;
				GCC_PREPROCESSOR_DEFINITIONS = (
					"DEBUG=1",
					"$(inherited)",
				);
				GCC_WARN_64_TO_32_BIT_CONVERSION = YES;
				GCC_WARN_ABOUT_RETURN_TYPE = YES_ERROR;
				GCC_WARN_UNDECLARED_SELECTOR = YES;
				GCC_WARN_UNINITIALIZED_AUTOS = YES_AGGRESSIVE;
				GCC_WARN_UNUSED_FUNCTION = YES;
				GCC_WARN_UNUSED_VARIABLE = YES;
				IPHONEOS_DEPLOYMENT_TARGET = 13.7;
				MTL_ENABLE_DEBUG_INFO = INCLUDE_SOURCE;
				MTL_FAST_MATH = YES;
				ONLY_ACTIVE_ARCH = YES;
				SDKROOT = iphoneos;
				SWIFT_ACTIVE_COMPILATION_CONDITIONS = DEBUG;
				SWIFT_OPTIMIZATION_LEVEL = "-Onone";
			};
			name = Debug;
		};
		85A661732514E5CD009ADE43 /* Release */ = {
			isa = XCBuildConfiguration;
			buildSettings = {
				ALWAYS_SEARCH_USER_PATHS = NO;
				CLANG_ANALYZER_NONNULL = YES;
				CLANG_ANALYZER_NUMBER_OBJECT_CONVERSION = YES_AGGRESSIVE;
				CLANG_CXX_LANGUAGE_STANDARD = "gnu++14";
				CLANG_CXX_LIBRARY = "libc++";
				CLANG_ENABLE_MODULES = YES;
				CLANG_ENABLE_OBJC_ARC = YES;
				CLANG_ENABLE_OBJC_WEAK = YES;
				CLANG_WARN_BLOCK_CAPTURE_AUTORELEASING = YES;
				CLANG_WARN_BOOL_CONVERSION = YES;
				CLANG_WARN_COMMA = YES;
				CLANG_WARN_CONSTANT_CONVERSION = YES;
				CLANG_WARN_DEPRECATED_OBJC_IMPLEMENTATIONS = YES;
				CLANG_WARN_DIRECT_OBJC_ISA_USAGE = YES_ERROR;
				CLANG_WARN_DOCUMENTATION_COMMENTS = YES;
				CLANG_WARN_EMPTY_BODY = YES;
				CLANG_WARN_ENUM_CONVERSION = YES;
				CLANG_WARN_INFINITE_RECURSION = YES;
				CLANG_WARN_INT_CONVERSION = YES;
				CLANG_WARN_NON_LITERAL_NULL_CONVERSION = YES;
				CLANG_WARN_OBJC_IMPLICIT_RETAIN_SELF = YES;
				CLANG_WARN_OBJC_LITERAL_CONVERSION = YES;
				CLANG_WARN_OBJC_ROOT_CLASS = YES_ERROR;
				CLANG_WARN_RANGE_LOOP_ANALYSIS = YES;
				CLANG_WARN_STRICT_PROTOTYPES = YES;
				CLANG_WARN_SUSPICIOUS_MOVE = YES;
				CLANG_WARN_UNGUARDED_AVAILABILITY = YES_AGGRESSIVE;
				CLANG_WARN_UNREACHABLE_CODE = YES;
				CLANG_WARN__DUPLICATE_METHOD_MATCH = YES;
				COPY_PHASE_STRIP = NO;
				DEBUG_INFORMATION_FORMAT = "dwarf-with-dsym";
				ENABLE_NS_ASSERTIONS = NO;
				ENABLE_STRICT_OBJC_MSGSEND = YES;
				GCC_C_LANGUAGE_STANDARD = gnu11;
				GCC_NO_COMMON_BLOCKS = YES;
				GCC_WARN_64_TO_32_BIT_CONVERSION = YES;
				GCC_WARN_ABOUT_RETURN_TYPE = YES_ERROR;
				GCC_WARN_UNDECLARED_SELECTOR = YES;
				GCC_WARN_UNINITIALIZED_AUTOS = YES_AGGRESSIVE;
				GCC_WARN_UNUSED_FUNCTION = YES;
				GCC_WARN_UNUSED_VARIABLE = YES;
				IPHONEOS_DEPLOYMENT_TARGET = 13.7;
				MTL_ENABLE_DEBUG_INFO = NO;
				MTL_FAST_MATH = YES;
				SDKROOT = iphoneos;
				SWIFT_COMPILATION_MODE = wholemodule;
				SWIFT_OPTIMIZATION_LEVEL = "-O";
				VALIDATE_PRODUCT = YES;
			};
			name = Release;
		};
		85A661752514E5CD009ADE43 /* Debug */ = {
			isa = XCBuildConfiguration;
			buildSettings = {
				ASSETCATALOG_COMPILER_APPICON_NAME = AppIcon;
				CLANG_ENABLE_MODULES = YES;
				CODE_SIGN_STYLE = Automatic;
				DEVELOPMENT_TEAM = 523XWQ22UQ;
				INFOPLIST_FILE = BodyM/Info.plist;
				LD_RUNPATH_SEARCH_PATHS = (
					"$(inherited)",
					"@executable_path/Frameworks",
				);
				PRODUCT_BUNDLE_IDENTIFIER = st.com.BodyM;
				PRODUCT_NAME = "$(TARGET_NAME)";
				SWIFT_OBJC_BRIDGING_HEADER = "BodyM/BodyM-Bridging-Header.h";
				SWIFT_OPTIMIZATION_LEVEL = "-Onone";
				SWIFT_VERSION = 5.0;
				TARGETED_DEVICE_FAMILY = "1,2";
			};
			name = Debug;
		};
		85A661762514E5CD009ADE43 /* Release */ = {
			isa = XCBuildConfiguration;
			buildSettings = {
				ASSETCATALOG_COMPILER_APPICON_NAME = AppIcon;
				CLANG_ENABLE_MODULES = YES;
				CODE_SIGN_STYLE = Automatic;
				DEVELOPMENT_TEAM = 523XWQ22UQ;
				INFOPLIST_FILE = BodyM/Info.plist;
				LD_RUNPATH_SEARCH_PATHS = (
					"$(inherited)",
					"@executable_path/Frameworks",
				);
				PRODUCT_BUNDLE_IDENTIFIER = st.com.BodyM;
				PRODUCT_NAME = "$(TARGET_NAME)";
				SWIFT_OBJC_BRIDGING_HEADER = "BodyM/BodyM-Bridging-Header.h";
				SWIFT_VERSION = 5.0;
				TARGETED_DEVICE_FAMILY = "1,2";
			};
			name = Release;
		};
/* End XCBuildConfiguration section */

/* Begin XCConfigurationList section */
		85A6615B2514E5CC009ADE43 /* Build configuration list for PBXProject "BodyM" */ = {
			isa = XCConfigurationList;
			buildConfigurations = (
				85A661722514E5CD009ADE43 /* Debug */,
				85A661732514E5CD009ADE43 /* Release */,
			);
			defaultConfigurationIsVisible = 0;
			defaultConfigurationName = Release;
		};
		85A661742514E5CD009ADE43 /* Build configuration list for PBXNativeTarget "BodyM" */ = {
			isa = XCConfigurationList;
			buildConfigurations = (
				85A661752514E5CD009ADE43 /* Debug */,
				85A661762514E5CD009ADE43 /* Release */,
			);
			defaultConfigurationIsVisible = 0;
			defaultConfigurationName = Release;
		};
/* End XCConfigurationList section */
	};
	rootObject = 85A661582514E5CC009ADE43 /* Project object */;
}
